{
  "name": "3_platfroms_use",
  "version": "1.0.0",
  "lockfileVersion": 2,
  "requires": true,
  "packages": {
    "": {
      "name": "3_platfroms_use",
      "version": "1.0.0",
      "license": "ISC",
      "dependencies": {
        "@djreactive/ajs_platforms": "^1.0.0"
      }
    },
    "node_modules/@djreactive/ajs_platforms": {
      "version": "1.0.0",
      "resolved": "https://npm.pkg.github.com/download/@djreactive/ajs_platforms/1.0.0/a5f6302fd640e326fe84bc59375ea11ec7cceb7a7cc12d8b22d10f8376502f5d",
      "integrity": "sha512-pRLoy3EIBegN3jxg1x64vpSletUOTogIHLojYXfwu62sqs80OwNwSBuoNS++ZwTAE3v9E+F2aLL+AcBKWAMSZw==",
      "license": "ISC"
    }
  },
  "dependencies": {
    "@djreactive/ajs_platforms": {
      "version": "1.0.0",
      "resolved": "https://npm.pkg.github.com/download/@djreactive/ajs_platforms/1.0.0/a5f6302fd640e326fe84bc59375ea11ec7cceb7a7cc12d8b22d10f8376502f5d",
      "integrity": "sha512-pRLoy3EIBegN3jxg1x64vpSletUOTogIHLojYXfwu62sqs80OwNwSBuoNS++ZwTAE3v9E+F2aLL+AcBKWAMSZw=="
    }
  }
}
